// !$*UTF8*$!
{
	archiveVersion = 1;
	classes = {
	};
	objectVersion = 46;
	objects = {

/* Begin PBXBuildFile section */
		4519150419BFE48400ADCFAF /* AppDelegate.swift in Sources */ = {isa = PBXBuildFile; fileRef = 4519150319BFE48400ADCFAF /* AppDelegate.swift */; };
		4519150619BFE48400ADCFAF /* ViewController.swift in Sources */ = {isa = PBXBuildFile; fileRef = 4519150519BFE48400ADCFAF /* ViewController.swift */; };
		4519150919BFE48400ADCFAF /* Main.storyboard in Resources */ = {isa = PBXBuildFile; fileRef = 4519150719BFE48400ADCFAF /* Main.storyboard */; };
		4519150B19BFE48400ADCFAF /* Images.xcassets in Resources */ = {isa = PBXBuildFile; fileRef = 4519150A19BFE48400ADCFAF /* Images.xcassets */; };
		4519151719BFE48400ADCFAF /* RottenTomatoesTests.swift in Sources */ = {isa = PBXBuildFile; fileRef = 4519151619BFE48400ADCFAF /* RottenTomatoesTests.swift */; };
/* End PBXBuildFile section */

/* Begin PBXContainerItemProxy section */
		4519151119BFE48400ADCFAF /* PBXContainerItemProxy */ = {
			isa = PBXContainerItemProxy;
			containerPortal = 451914F619BFE48400ADCFAF /* Project object */;
			proxyType = 1;
			remoteGlobalIDString = 451914FD19BFE48400ADCFAF;
			remoteInfo = RottenTomatoes;
		};
/* End PBXContainerItemProxy section */

/* Begin PBXFileReference section */
		451914FE19BFE48400ADCFAF /* RottenTomatoes.app */ = {isa = PBXFileReference; explicitFileType = wrapper.application; includeInIndex = 0; path = RottenTomatoes.app; sourceTree = BUILT_PRODUCTS_DIR; };
		4519150219BFE48400ADCFAF /* Info.plist */ = {isa = PBXFileReference; lastKnownFileType = text.plist.xml; path = Info.plist; sourceTree = "<group>"; };
		4519150319BFE48400ADCFAF /* AppDelegate.swift */ = {isa = PBXFileReference; lastKnownFileType = sourcecode.swift; path = AppDelegate.swift; sourceTree = "<group>"; };
		4519150519BFE48400ADCFAF /* ViewController.swift */ = {isa = PBXFileReference; lastKnownFileType = sourcecode.swift; path = ViewController.swift; sourceTree = "<group>"; };
		4519150819BFE48400ADCFAF /* Base */ = {isa = PBXFileReference; lastKnownFileType = file.storyboard; name = Base; path = Base.lproj/Main.storyboard; sourceTree = "<group>"; };
		4519150A19BFE48400ADCFAF /* Images.xcassets */ = {isa = PBXFileReference; lastKnownFileType = folder.assetcatalog; path = Images.xcassets; sourceTree = "<group>"; };
		4519151019BFE48400ADCFAF /* RottenTomatoesTests.xctest */ = {isa = PBXFileReference; explicitFileType = wrapper.cfbundle; includeInIndex = 0; path = RottenTomatoesTests.xctest; sourceTree = BUILT_PRODUCTS_DIR; };
		4519151519BFE48400ADCFAF /* Info.plist */ = {isa = PBXFileReference; lastKnownFileType = text.plist.xml; path = Info.plist; sourceTree = "<group>"; };
		4519151619BFE48400ADCFAF /* RottenTomatoesTests.swift */ = {isa = PBXFileReference; lastKnownFileType = sourcecode.swift; path = RottenTomatoesTests.swift; sourceTree = "<group>"; };
/* End PBXFileReference section */

/* Begin PBXFrameworksBuildPhase section */
		451914FB19BFE48400ADCFAF /* Frameworks */ = {
			isa = PBXFrameworksBuildPhase;
			buildActionMask = 2147483647;
			files = (
			);
			runOnlyForDeploymentPostprocessing = 0;
		};
		4519150D19BFE48400ADCFAF /* Frameworks */ = {
			isa = PBXFrameworksBuildPhase;
			buildActionMask = 2147483647;
			files = (
			);
			runOnlyForDeploymentPostprocessing = 0;
		};
/* End PBXFrameworksBuildPhase section */

/* Begin PBXGroup section */
		451914F519BFE48400ADCFAF = {
			isa = PBXGroup;
			children = (
				4519150019BFE48400ADCFAF /* RottenTomatoes */,
				4519151319BFE48400ADCFAF /* RottenTomatoesTests */,
				451914FF19BFE48400ADCFAF /* Products */,
			);
			sourceTree = "<group>";
		};
		451914FF19BFE48400ADCFAF /* Products */ = {
			isa = PBXGroup;
			children = (
				451914FE19BFE48400ADCFAF /* RottenTomatoes.app */,
				4519151019BFE48400ADCFAF /* RottenTomatoesTests.xctest */,
			);
			name = Products;
			sourceTree = "<group>";
		};
		4519150019BFE48400ADCFAF /* RottenTomatoes */ = {
			isa = PBXGroup;
			children = (
				4519150319BFE48400ADCFAF /* AppDelegate.swift */,
				4519150519BFE48400ADCFAF /* ViewController.swift */,
				4519150719BFE48400ADCFAF /* Main.storyboard */,
				4519150A19BFE48400ADCFAF /* Images.xcassets */,
				4519150119BFE48400ADCFAF /* Supporting Files */,
			);
			path = RottenTomatoes;
			sourceTree = "<group>";
		};
		4519150119BFE48400ADCFAF /* Supporting Files */ = {
			isa = PBXGroup;
			children = (
				4519150219BFE48400ADCFAF /* Info.plist */,
			);
			name = "Supporting Files";
			sourceTree = "<group>";
		};
		4519151319BFE48400ADCFAF /* RottenTomatoesTests */ = {
			isa = PBXGroup;
			children = (
				4519151619BFE48400ADCFAF /* RottenTomatoesTests.swift */,
				4519151419BFE48400ADCFAF /* Supporting Files */,
			);
			path = RottenTomatoesTests;
			sourceTree = "<group>";
		};
		4519151419BFE48400ADCFAF /* Supporting Files */ = {
			isa = PBXGroup;
			children = (
				4519151519BFE48400ADCFAF /* Info.plist */,
			);
			name = "Supporting Files";
			sourceTree = "<group>";
		};
/* End PBXGroup section */

/* Begin PBXNativeTarget section */
		451914FD19BFE48400ADCFAF /* RottenTomatoes */ = {
			isa = PBXNativeTarget;
			buildConfigurationList = 4519151A19BFE48400ADCFAF /* Build configuration list for PBXNativeTarget "RottenTomatoes" */;
			buildPhases = (
				451914FA19BFE48400ADCFAF /* Sources */,
				451914FB19BFE48400ADCFAF /* Frameworks */,
				451914FC19BFE48400ADCFAF /* Resources */,
			);
			buildRules = (
			);
			dependencies = (
			);
			name = RottenTomatoes;
			productName = RottenTomatoes;
			productReference = 451914FE19BFE48400ADCFAF /* RottenTomatoes.app */;
			productType = "com.apple.product-type.application";
		};
		4519150F19BFE48400ADCFAF /* RottenTomatoesTests */ = {
			isa = PBXNativeTarget;
			buildConfigurationList = 4519151D19BFE48400ADCFAF /* Build configuration list for PBXNativeTarget "RottenTomatoesTests" */;
			buildPhases = (
				4519150C19BFE48400ADCFAF /* Sources */,
				4519150D19BFE48400ADCFAF /* Frameworks */,
				4519150E19BFE48400ADCFAF /* Resources */,
			);
			buildRules = (
			);
			dependencies = (
				4519151219BFE48400ADCFAF /* PBXTargetDependency */,
			);
			name = RottenTomatoesTests;
			productName = RottenTomatoesTests;
			productReference = 4519151019BFE48400ADCFAF /* RottenTomatoesTests.xctest */;
			productType = "com.apple.product-type.bundle.unit-test";
		};
/* End PBXNativeTarget section */

/* Begin PBXProject section */
		451914F619BFE48400ADCFAF /* Project object */ = {
			isa = PBXProject;
			attributes = {
				LastUpgradeCheck = 0600;
				ORGANIZATIONNAME = "Vidya Sridharan";
				TargetAttributes = {
					451914FD19BFE48400ADCFAF = {
						CreatedOnToolsVersion = 6.0;
					};
					4519150F19BFE48400ADCFAF = {
						CreatedOnToolsVersion = 6.0;
						TestTargetID = 451914FD19BFE48400ADCFAF;
					};
				};
			};
			buildConfigurationList = 451914F919BFE48400ADCFAF /* Build configuration list for PBXProject "RottenTomatoes" */;
			compatibilityVersion = "Xcode 3.2";
			developmentRegion = English;
			hasScannedForEncodings = 0;
			knownRegions = (
				en,
				Base,
			);
			mainGroup = 451914F519BFE48400ADCFAF;
			productRefGroup = 451914FF19BFE48400ADCFAF /* Products */;
			projectDirPath = "";
			projectRoot = "";
			targets = (
				451914FD19BFE48400ADCFAF /* RottenTomatoes */,
				4519150F19BFE48400ADCFAF /* RottenTomatoesTests */,
			);
		};
/* End PBXProject section */

/* Begin PBXResourcesBuildPhase section */
		451914FC19BFE48400ADCFAF /* Resources */ = {
			isa = PBXResourcesBuildPhase;
			buildActionMask = 2147483647;
			files = (
				4519150919BFE48400ADCFAF /* Main.storyboard in Resources */,
				4519150B19BFE48400ADCFAF /* Images.xcassets in Resources */,
			);
			runOnlyForDeploymentPostprocessing = 0;
		};
		4519150E19BFE48400ADCFAF /* Resources */ = {
			isa = PBXResourcesBuildPhase;
			buildActionMask = 2147483647;
			files = (
			);
			runOnlyForDeploymentPostprocessing = 0;
		};
/* End PBXResourcesBuildPhase section */

/* Begin PBXSourcesBuildPhase section */
		451914FA19BFE48400ADCFAF /* Sources */ = {
			isa = PBXSourcesBuildPhase;
			buildActionMask = 2147483647;
			files = (
				4519150619BFE48400ADCFAF /* ViewController.swift in Sources */,
				4519150419BFE48400ADCFAF /* AppDelegate.swift in Sources */,
			);
			runOnlyForDeploymentPostprocessing = 0;
		};
		4519150C19BFE48400ADCFAF /* Sources */ = {
			isa = PBXSourcesBuildPhase;
			buildActionMask = 2147483647;
			files = (
				4519151719BFE48400ADCFAF /* RottenTomatoesTests.swift in Sources */,
			);
			runOnlyForDeploymentPostprocessing = 0;
		};
/* End PBXSourcesBuildPhase section */

/* Begin PBXTargetDependency section */
		4519151219BFE48400ADCFAF /* PBXTargetDependency */ = {
			isa = PBXTargetDependency;
			target = 451914FD19BFE48400ADCFAF /* RottenTomatoes */;
			targetProxy = 4519151119BFE48400ADCFAF /* PBXContainerItemProxy */;
		};
/* End PBXTargetDependency section */

/* Begin PBXVariantGroup section */
		4519150719BFE48400ADCFAF /* Main.storyboard */ = {
			isa = PBXVariantGroup;
			children = (
				4519150819BFE48400ADCFAF /* Base */,
			);
			name = Main.storyboard;
			sourceTree = "<group>";
		};
/* End PBXVariantGroup section */

/* Begin XCBuildConfiguration section */
		4519151819BFE48400ADCFAF /* Debug */ = {
			isa = XCBuildConfiguration;
			buildSettings = {
				ALWAYS_SEARCH_USER_PATHS = NO;
				CLANG_CXX_LANGUAGE_STANDARD = "gnu++0x";
				CLANG_CXX_LIBRARY = "libc++";
				CLANG_ENABLE_MODULES = YES;
				CLANG_ENABLE_OBJC_ARC = YES;
				CLANG_WARN_BOOL_CONVERSION = YES;
				CLANG_WARN_CONSTANT_CONVERSION = YES;
				CLANG_WARN_DIRECT_OBJC_ISA_USAGE = YES_ERROR;
				CLANG_WARN_EMPTY_BODY = YES;
				CLANG_WARN_ENUM_CONVERSION = YES;
				CLANG_WARN_INT_CONVERSION = YES;
				CLANG_WARN_OBJC_ROOT_CLASS = YES_ERROR;
				CLANG_WARN_UNREACHABLE_CODE = YES;
				CLANG_WARN__DUPLICATE_METHOD_MATCH = YES;
				"CODE_SIGN_IDENTITY[sdk=iphoneos*]" = "iPhone Developer";
				COPY_PHASE_STRIP = NO;
				ENABLE_STRICT_OBJC_MSGSEND = YES;
				GCC_C_LANGUAGE_STANDARD = gnu99;
				GCC_DYNAMIC_NO_PIC = NO;
				GCC_OPTIMIZATION_LEVEL = 0;
				GCC_PREPROCESSOR_DEFINITIONS = (
					"DEBUG=1",
					"$(inherited)",
				);
				GCC_SYMBOLS_PRIVATE_EXTERN = NO;
				GCC_WARN_64_TO_32_BIT_CONVERSION = YES;
				GCC_WARN_ABOUT_RETURN_TYPE = YES_ERROR;
				GCC_WARN_UNDECLARED_SELECTOR = YES;
				GCC_WARN_UNINITIALIZED_AUTOS = YES_AGGRESSIVE;
				GCC_WARN_UNUSED_FUNCTION = YES;
				GCC_WARN_UNUSED_VARIABLE = YES;
				IPHONEOS_DEPLOYMENT_TARGET = 8.0;
				MTL_ENABLE_DEBUG_INFO = YES;
				ONLY_ACTIVE_ARCH = YES;
				SDKROOT = iphoneos;
				SWIFT_OPTIMIZATION_LEVEL = "-Onone";
			};
			name = Debug;
		};
		4519151919BFE48400ADCFAF /* Release */ = {
			isa = XCBuildConfiguration;
			buildSettings = {
				ALWAYS_SEARCH_USER_PATHS = NO;
				CLANG_CXX_LANGUAGE_STANDARD = "gnu++0x";
				CLANG_CXX_LIBRARY = "libc++";
				CLANG_ENABLE_MODULES = YES;
				CLANG_ENABLE_OBJC_ARC = YES;
				CLANG_WARN_BOOL_CONVERSION = YES;
				CLANG_WARN_CONSTANT_CONVERSION = YES;
				CLANG_WARN_DIRECT_OBJC_ISA_USAGE = YES_ERROR;
				CLANG_WARN_EMPTY_BODY = YES;
				CLANG_WARN_ENUM_CONVERSION = YES;
				CLANG_WARN_INT_CONVERSION = YES;
				CLANG_WARN_OBJC_ROOT_CLASS = YES_ERROR;
				CLANG_WARN_UNREACHABLE_CODE = YES;
				CLANG_WARN__DUPLICATE_METHOD_MATCH = YES;
				"CODE_SIGN_IDENTITY[sdk=iphoneos*]" = "iPhone Developer";
				COPY_PHASE_STRIP = YES;
				ENABLE_NS_ASSERTIONS = NO;
				ENABLE_STRICT_OBJC_MSGSEND = YES;
				GCC_C_LANGUAGE_STANDARD = gnu99;
				GCC_WARN_64_TO_32_BIT_CONVERSION = YES;
				GCC_WARN_ABOUT_RETURN_TYPE = YES_ERROR;
				GCC_WARN_UNDECLARED_SELECTOR = YES;
				GCC_WARN_UNINITIALIZED_AUTOS = YES_AGGRESSIVE;
				GCC_WARN_UNUSED_FUNCTION = YES;
				GCC_WARN_UNUSED_VARIABLE = YES;
				IPHONEOS_DEPLOYMENT_TARGET = 8.0;
				MTL_ENABLE_DEBUG_INFO = NO;
				SDKROOT = iphoneos;
				VALIDATE_PRODUCT = YES;
			};
			name = Release;
		};
		4519151B19BFE48400ADCFAF /* Debug */ = {
			isa = XCBuildConfiguration;
			buildSettings = {
				ASSETCATALOG_COMPILER_APPICON_NAME = AppIcon;
				ASSETCATALOG_COMPILER_LAUNCHIMAGE_NAME = LaunchImage;
				INFOPLIST_FILE = RottenTomatoes/Info.plist;
				LD_RUNPATH_SEARCH_PATHS = "$(inherited) @executable_path/Frameworks";
				PRODUCT_NAME = "$(TARGET_NAME)";
			};
			name = Debug;
		};
		4519151C19BFE48400ADCFAF /* Release */ = {
			isa = XCBuildConfiguration;
			buildSettings = {
				ASSETCATALOG_COMPILER_APPICON_NAME = AppIcon;
				ASSETCATALOG_COMPILER_LAUNCHIMAGE_NAME = LaunchImage;
				INFOPLIST_FILE = RottenTomatoes/Info.plist;
				LD_RUNPATH_SEARCH_PATHS = "$(inherited) @executable_path/Frameworks";
				PRODUCT_NAME = "$(TARGET_NAME)";
			};
			name = Release;
		};
		4519151E19BFE48400ADCFAF /* Debug */ = {
			isa = XCBuildConfiguration;
			buildSettings = {
				BUNDLE_LOADER = "$(TEST_HOST)";
				FRAMEWORK_SEARCH_PATHS = (
					"$(SDKROOT)/Developer/Library/Frameworks",
					"$(inherited)",
				);
				GCC_PREPROCESSOR_DEFINITIONS = (
					"DEBUG=1",
					"$(inherited)",
				);
				INFOPLIST_FILE = RottenTomatoesTests/Info.plist;
				LD_RUNPATH_SEARCH_PATHS = "$(inherited) @executable_path/Frameworks @loader_path/Frameworks";
				PRODUCT_NAME = "$(TARGET_NAME)";
				TEST_HOST = "$(BUILT_PRODUCTS_DIR)/RottenTomatoes.app/RottenTomatoes";
			};
			name = Debug;
		};
		4519151F19BFE48400ADCFAF /* Release */ = {
			isa = XCBuildConfiguration;
			buildSettings = {
				BUNDLE_LOADER = "$(TEST_HOST)";
				FRAMEWORK_SEARCH_PATHS = (
					"$(SDKROOT)/Developer/Library/Frameworks",
					"$(inherited)",
				);
				INFOPLIST_FILE = RottenTomatoesTests/Info.plist;
				LD_RUNPATH_SEARCH_PATHS = "$(inherited) @executable_path/Frameworks @loader_path/Frameworks";
				PRODUCT_NAME = "$(TARGET_NAME)";
				TEST_HOST = "$(BUILT_PRODUCTS_DIR)/RottenTomatoes.app/RottenTomatoes";
			};
			name = Release;
		};
/* End XCBuildConfiguration section */

/* Begin XCConfigurationList section */
		451914F919BFE48400ADCFAF /* Build configuration list for PBXProject "RottenTomatoes" */ = {
			isa = XCConfigurationList;
			buildConfigurations = (
				4519151819BFE48400ADCFAF /* Debug */,
				4519151919BFE48400ADCFAF /* Release */,
			);
			defaultConfigurationIsVisible = 0;
			defaultConfigurationName = Release;
		};
		4519151A19BFE48400ADCFAF /* Build configuration list for PBXNativeTarget "RottenTomatoes" */ = {
			isa = XCConfigurationList;
			buildConfigurations = (
				4519151B19BFE48400ADCFAF /* Debug */,
				4519151C19BFE48400ADCFAF /* Release */,
			);
			defaultConfigurationIsVisible = 0;
		};
		4519151D19BFE48400ADCFAF /* Build configuration list for PBXNativeTarget "RottenTomatoesTests" */ = {
			isa = XCConfigurationList;
			buildConfigurations = (
				4519151E19BFE48400ADCFAF /* Debug */,
				4519151F19BFE48400ADCFAF /* Release */,
			);
			defaultConfigurationIsVisible = 0;
		};
/* End XCConfigurationList section */
	};
	rootObject = 451914F619BFE48400ADCFAF /* Project object */;
}
